// !$*UTF8*$!
{
	archiveVersion = 1;
	classes = {
	};
	objectVersion = 56;
	objects = {

/* Begin PBXBuildFile section */
		B09701792A5542C200A9612B /* AppDelegate.swift in Sources */ = {isa = PBXBuildFile; fileRef = B09701782A5542C200A9612B /* AppDelegate.swift */; };
		B097017B2A5542C200A9612B /* SceneDelegate.swift in Sources */ = {isa = PBXBuildFile; fileRef = B097017A2A5542C200A9612B /* SceneDelegate.swift */; };
		B097017D2A5542C200A9612B /* ViewController.swift in Sources */ = {isa = PBXBuildFile; fileRef = B097017C2A5542C200A9612B /* ViewController.swift */; };
		B09701802A5542C200A9612B /* Main.storyboard in Resources */ = {isa = PBXBuildFile; fileRef = B097017E2A5542C200A9612B /* Main.storyboard */; };
		B09701822A5542C300A9612B /* Assets.xcassets in Resources */ = {isa = PBXBuildFile; fileRef = B09701812A5542C300A9612B /* Assets.xcassets */; };
		B09701852A5542C300A9612B /* LaunchScreen.storyboard in Resources */ = {isa = PBXBuildFile; fileRef = B09701832A5542C300A9612B /* LaunchScreen.storyboard */; };
		B09701902A5542C300A9612B /* first_projectTests.swift in Sources */ = {isa = PBXBuildFile; fileRef = B097018F2A5542C300A9612B /* first_projectTests.swift */; };
		B097019A2A5542C300A9612B /* first_projectUITests.swift in Sources */ = {isa = PBXBuildFile; fileRef = B09701992A5542C300A9612B /* first_projectUITests.swift */; };
		B097019C2A5542C300A9612B /* first_projectUITestsLaunchTests.swift in Sources */ = {isa = PBXBuildFile; fileRef = B097019B2A5542C300A9612B /* first_projectUITestsLaunchTests.swift */; };
/* End PBXBuildFile section */

/* Begin PBXContainerItemProxy section */
		B097018C2A5542C300A9612B /* PBXContainerItemProxy */ = {
			isa = PBXContainerItemProxy;
			containerPortal = B097016D2A5542C200A9612B /* Project object */;
			proxyType = 1;
			remoteGlobalIDString = B09701742A5542C200A9612B;
			remoteInfo = first_project;
		};
		B09701962A5542C300A9612B /* PBXContainerItemProxy */ = {
			isa = PBXContainerItemProxy;
			containerPortal = B097016D2A5542C200A9612B /* Project object */;
			proxyType = 1;
			remoteGlobalIDString = B09701742A5542C200A9612B;
			remoteInfo = first_project;
		};
/* End PBXContainerItemProxy section */

/* Begin PBXFileReference section */
		B09701752A5542C200A9612B /* first_project.app */ = {isa = PBXFileReference; explicitFileType = wrapper.application; includeInIndex = 0; path = first_project.app; sourceTree = BUILT_PRODUCTS_DIR; };
		B09701782A5542C200A9612B /* AppDelegate.swift */ = {isa = PBXFileReference; lastKnownFileType = sourcecode.swift; path = AppDelegate.swift; sourceTree = "<group>"; };
		B097017A2A5542C200A9612B /* SceneDelegate.swift */ = {isa = PBXFileReference; lastKnownFileType = sourcecode.swift; path = SceneDelegate.swift; sourceTree = "<group>"; };
		B097017C2A5542C200A9612B /* ViewController.swift */ = {isa = PBXFileReference; lastKnownFileType = sourcecode.swift; path = ViewController.swift; sourceTree = "<group>"; };
		B097017F2A5542C200A9612B /* Base */ = {isa = PBXFileReference; lastKnownFileType = file.storyboard; name = Base; path = Base.lproj/Main.storyboard; sourceTree = "<group>"; };
		B09701812A5542C300A9612B /* Assets.xcassets */ = {isa = PBXFileReference; lastKnownFileType = folder.assetcatalog; path = Assets.xcassets; sourceTree = "<group>"; };
		B09701842A5542C300A9612B /* Base */ = {isa = PBXFileReference; lastKnownFileType = file.storyboard; name = Base; path = Base.lproj/LaunchScreen.storyboard; sourceTree = "<group>"; };
		B09701862A5542C300A9612B /* Info.plist */ = {isa = PBXFileReference; lastKnownFileType = text.plist.xml; path = Info.plist; sourceTree = "<group>"; };
		B097018B2A5542C300A9612B /* first_projectTests.xctest */ = {isa = PBXFileReference; explicitFileType = wrapper.cfbundle; includeInIndex = 0; path = first_projectTests.xctest; sourceTree = BUILT_PRODUCTS_DIR; };
		B097018F2A5542C300A9612B /* first_projectTests.swift */ = {isa = PBXFileReference; lastKnownFileType = sourcecode.swift; path = first_projectTests.swift; sourceTree = "<group>"; };
		B09701952A5542C300A9612B /* first_projectUITests.xctest */ = {isa = PBXFileReference; explicitFileType = wrapper.cfbundle; includeInIndex = 0; path = first_projectUITests.xctest; sourceTree = BUILT_PRODUCTS_DIR; };
		B09701992A5542C300A9612B /* first_projectUITests.swift */ = {isa = PBXFileReference; lastKnownFileType = sourcecode.swift; path = first_projectUITests.swift; sourceTree = "<group>"; };
		B097019B2A5542C300A9612B /* first_projectUITestsLaunchTests.swift */ = {isa = PBXFileReference; lastKnownFileType = sourcecode.swift; path = first_projectUITestsLaunchTests.swift; sourceTree = "<group>"; };
/* End PBXFileReference section */

/* Begin PBXFrameworksBuildPhase section */
		B09701722A5542C200A9612B /* Frameworks */ = {
			isa = PBXFrameworksBuildPhase;
			buildActionMask = 2147483647;
			files = (
			);
			runOnlyForDeploymentPostprocessing = 0;
		};
		B09701882A5542C300A9612B /* Frameworks */ = {
			isa = PBXFrameworksBuildPhase;
			buildActionMask = 2147483647;
			files = (
			);
			runOnlyForDeploymentPostprocessing = 0;
		};
		B09701922A5542C300A9612B /* Frameworks */ = {
			isa = PBXFrameworksBuildPhase;
			buildActionMask = 2147483647;
			files = (
			);
			runOnlyForDeploymentPostprocessing = 0;
		};
/* End PBXFrameworksBuildPhase section */

/* Begin PBXGroup section */
		B097016C2A5542C200A9612B = {
			isa = PBXGroup;
			children = (
				B09701772A5542C200A9612B /* first_project */,
				B097018E2A5542C300A9612B /* first_projectTests */,
				B09701982A5542C300A9612B /* first_projectUITests */,
				B09701762A5542C200A9612B /* Products */,
			);
			sourceTree = "<group>";
		};
		B09701762A5542C200A9612B /* Products */ = {
			isa = PBXGroup;
			children = (
				B09701752A5542C200A9612B /* first_project.app */,
				B097018B2A5542C300A9612B /* first_projectTests.xctest */,
				B09701952A5542C300A9612B /* first_projectUITests.xctest */,
			);
			name = Products;
			sourceTree = "<group>";
		};
		B09701772A5542C200A9612B /* first_project */ = {
			isa = PBXGroup;
			children = (
				B09701782A5542C200A9612B /* AppDelegate.swift */,
				B097017A2A5542C200A9612B /* SceneDelegate.swift */,
				B097017C2A5542C200A9612B /* ViewController.swift */,
				B097017E2A5542C200A9612B /* Main.storyboard */,
				B09701812A5542C300A9612B /* Assets.xcassets */,
				B09701832A5542C300A9612B /* LaunchScreen.storyboard */,
				B09701862A5542C300A9612B /* Info.plist */,
			);
			path = first_project;
			sourceTree = "<group>";
		};
		B097018E2A5542C300A9612B /* first_projectTests */ = {
			isa = PBXGroup;
			children = (
				B097018F2A5542C300A9612B /* first_projectTests.swift */,
			);
			path = first_projectTests;
			sourceTree = "<group>";
		};
		B09701982A5542C300A9612B /* first_projectUITests */ = {
			isa = PBXGroup;
			children = (
				B09701992A5542C300A9612B /* first_projectUITests.swift */,
				B097019B2A5542C300A9612B /* first_projectUITestsLaunchTests.swift */,
			);
			path = first_projectUITests;
			sourceTree = "<group>";
		};
/* End PBXGroup section */

/* Begin PBXNativeTarget section */
		B09701742A5542C200A9612B /* first_project */ = {
			isa = PBXNativeTarget;
			buildConfigurationList = B097019F2A5542C300A9612B /* Build configuration list for PBXNativeTarget "first_project" */;
			buildPhases = (
				B09701712A5542C200A9612B /* Sources */,
				B09701722A5542C200A9612B /* Frameworks */,
				B09701732A5542C200A9612B /* Resources */,
			);
			buildRules = (
			);
			dependencies = (
			);
			name = first_project;
			productName = first_project;
			productReference = B09701752A5542C200A9612B /* first_project.app */;
			productType = "com.apple.product-type.application";
		};
		B097018A2A5542C300A9612B /* first_projectTests */ = {
			isa = PBXNativeTarget;
			buildConfigurationList = B09701A22A5542C300A9612B /* Build configuration list for PBXNativeTarget "first_projectTests" */;
			buildPhases = (
				B09701872A5542C300A9612B /* Sources */,
				B09701882A5542C300A9612B /* Frameworks */,
				B09701892A5542C300A9612B /* Resources */,
			);
			buildRules = (
			);
			dependencies = (
				B097018D2A5542C300A9612B /* PBXTargetDependency */,
			);
			name = first_projectTests;
			productName = first_projectTests;
			productReference = B097018B2A5542C300A9612B /* first_projectTests.xctest */;
			productType = "com.apple.product-type.bundle.unit-test";
		};
		B09701942A5542C300A9612B /* first_projectUITests */ = {
			isa = PBXNativeTarget;
			buildConfigurationList = B09701A52A5542C300A9612B /* Build configuration list for PBXNativeTarget "first_projectUITests" */;
			buildPhases = (
				B09701912A5542C300A9612B /* Sources */,
				B09701922A5542C300A9612B /* Frameworks */,
				B09701932A5542C300A9612B /* Resources */,
			);
			buildRules = (
			);
			dependencies = (
				B09701972A5542C300A9612B /* PBXTargetDependency */,
			);
			name = first_projectUITests;
			productName = first_projectUITests;
			productReference = B09701952A5542C300A9612B /* first_projectUITests.xctest */;
			productType = "com.apple.product-type.bundle.ui-testing";
		};
/* End PBXNativeTarget section */

/* Begin PBXProject section */
		B097016D2A5542C200A9612B /* Project object */ = {
			isa = PBXProject;
			attributes = {
				BuildIndependentTargetsInParallel = 1;
				LastSwiftUpdateCheck = 1430;
				LastUpgradeCheck = 1430;
				TargetAttributes = {
					B09701742A5542C200A9612B = {
						CreatedOnToolsVersion = 14.3.1;
					};
					B097018A2A5542C300A9612B = {
						CreatedOnToolsVersion = 14.3.1;
						TestTargetID = B09701742A5542C200A9612B;
					};
					B09701942A5542C300A9612B = {
						CreatedOnToolsVersion = 14.3.1;
						TestTargetID = B09701742A5542C200A9612B;
					};
				};
			};
			buildConfigurationList = B09701702A5542C200A9612B /* Build configuration list for PBXProject "first_project" */;
			compatibilityVersion = "Xcode 14.0";
			developmentRegion = en;
			hasScannedForEncodings = 0;
			knownRegions = (
				en,
				Base,
			);
			mainGroup = B097016C2A5542C200A9612B;
			productRefGroup = B09701762A5542C200A9612B /* Products */;
			projectDirPath = "";
			projectRoot = "";
			targets = (
				B09701742A5542C200A9612B /* first_project */,
				B097018A2A5542C300A9612B /* first_projectTests */,
				B09701942A5542C300A9612B /* first_projectUITests */,
			);
		};
/* End PBXProject section */

/* Begin PBXResourcesBuildPhase section */
		B09701732A5542C200A9612B /* Resources */ = {
			isa = PBXResourcesBuildPhase;
			buildActionMask = 2147483647;
			files = (
				B09701852A5542C300A9612B /* LaunchScreen.storyboard in Resources */,
				B09701822A5542C300A9612B /* Assets.xcassets in Resources */,
				B09701802A5542C200A9612B /* Main.storyboard in Resources */,
			);
			runOnlyForDeploymentPostprocessing = 0;
		};
		B09701892A5542C300A9612B /* Resources */ = {
			isa = PBXResourcesBuildPhase;
			buildActionMask = 2147483647;
			files = (
			);
			runOnlyForDeploymentPostprocessing = 0;
		};
		B09701932A5542C300A9612B /* Resources */ = {
			isa = PBXResourcesBuildPhase;
			buildActionMask = 2147483647;
			files = (
			);
			runOnlyForDeploymentPostprocessing = 0;
		};
/* End PBXResourcesBuildPhase section */

/* Begin PBXSourcesBuildPhase section */
		B09701712A5542C200A9612B /* Sources */ = {
			isa = PBXSourcesBuildPhase;
			buildActionMask = 2147483647;
			files = (
				B097017D2A5542C200A9612B /* ViewController.swift in Sources */,
				B09701792A5542C200A9612B /* AppDelegate.swift in Sources */,
				B097017B2A5542C200A9612B /* SceneDelegate.swift in Sources */,
			);
			runOnlyForDeploymentPostprocessing = 0;
		};
		B09701872A5542C300A9612B /* Sources */ = {
			isa = PBXSourcesBuildPhase;
			buildActionMask = 2147483647;
			files = (
				B09701902A5542C300A9612B /* first_projectTests.swift in Sources */,
			);
			runOnlyForDeploymentPostprocessing = 0;
		};
		B09701912A5542C300A9612B /* Sources */ = {
			isa = PBXSourcesBuildPhase;
			buildActionMask = 2147483647;
			files = (
				B097019A2A5542C300A9612B /* first_projectUITests.swift in Sources */,
				B097019C2A5542C300A9612B /* first_projectUITestsLaunchTests.swift in Sources */,
			);
			runOnlyForDeploymentPostprocessing = 0;
		};
/* End PBXSourcesBuildPhase section */

/* Begin PBXTargetDependency section */
		B097018D2A5542C300A9612B /* PBXTargetDependency */ = {
			isa = PBXTargetDependency;
			target = B09701742A5542C200A9612B /* first_project */;
			targetProxy = B097018C2A5542C300A9612B /* PBXContainerItemProxy */;
		};
		B09701972A5542C300A9612B /* PBXTargetDependency */ = {
			isa = PBXTargetDependency;
			target = B09701742A5542C200A9612B /* first_project */;
			targetProxy = B09701962A5542C300A9612B /* PBXContainerItemProxy */;
		};
/* End PBXTargetDependency section */

/* Begin PBXVariantGroup section */
		B097017E2A5542C200A9612B /* Main.storyboard */ = {
			isa = PBXVariantGroup;
			children = (
				B097017F2A5542C200A9612B /* Base */,
			);
			name = Main.storyboard;
			sourceTree = "<group>";
		};
		B09701832A5542C300A9612B /* LaunchScreen.storyboard */ = {
			isa = PBXVariantGroup;
			children = (
				B09701842A5542C300A9612B /* Base */,
			);
			name = LaunchScreen.storyboard;
			sourceTree = "<group>";
		};
/* End PBXVariantGroup section */

/* Begin XCBuildConfiguration section */
		B097019D2A5542C300A9612B /* Debug */ = {
			isa = XCBuildConfiguration;
			buildSettings = {
				ALWAYS_SEARCH_USER_PATHS = NO;
				CLANG_ANALYZER_NONNULL = YES;
				CLANG_ANALYZER_NUMBER_OBJECT_CONVERSION = YES_AGGRESSIVE;
				CLANG_CXX_LANGUAGE_STANDARD = "gnu++20";
				CLANG_ENABLE_MODULES = YES;
				CLANG_ENABLE_OBJC_ARC = YES;
				CLANG_ENABLE_OBJC_WEAK = YES;
				CLANG_WARN_BLOCK_CAPTURE_AUTORELEASING = YES;
				CLANG_WARN_BOOL_CONVERSION = YES;
				CLANG_WARN_COMMA = YES;
				CLANG_WARN_CONSTANT_CONVERSION = YES;
				CLANG_WARN_DEPRECATED_OBJC_IMPLEMENTATIONS = YES;
				CLANG_WARN_DIRECT_OBJC_ISA_USAGE = YES_ERROR;
				CLANG_WARN_DOCUMENTATION_COMMENTS = YES;
				CLANG_WARN_EMPTY_BODY = YES;
				CLANG_WARN_ENUM_CONVERSION = YES;
				CLANG_WARN_INFINITE_RECURSION = YES;
				CLANG_WARN_INT_CONVERSION = YES;
				CLANG_WARN_NON_LITERAL_NULL_CONVERSION = YES;
				CLANG_WARN_OBJC_IMPLICIT_RETAIN_SELF = YES;
				CLANG_WARN_OBJC_LITERAL_CONVERSION = YES;
				CLANG_WARN_OBJC_ROOT_CLASS = YES_ERROR;
				CLANG_WARN_QUOTED_INCLUDE_IN_FRAMEWORK_HEADER = YES;
				CLANG_WARN_RANGE_LOOP_ANALYSIS = YES;
				CLANG_WARN_STRICT_PROTOTYPES = YES;
				CLANG_WARN_SUSPICIOUS_MOVE = YES;
				CLANG_WARN_UNGUARDED_AVAILABILITY = YES_AGGRESSIVE;
				CLANG_WARN_UNREACHABLE_CODE = YES;
				CLANG_WARN__DUPLICATE_METHOD_MATCH = YES;
				COPY_PHASE_STRIP = NO;
				DEBUG_INFORMATION_FORMAT = dwarf;
				ENABLE_STRICT_OBJC_MSGSEND = YES;
				ENABLE_TESTABILITY = YES;
				GCC_C_LANGUAGE_STANDARD = gnu11;
				GCC_DYNAMIC_NO_PIC = NO;
				GCC_NO_COMMON_BLOCKS = YES;
				GCC_OPTIMIZATION_LEVEL = 0;
				GCC_PREPROCESSOR_DEFINITIONS = (
					"DEBUG=1",
					"$(inherited)",
				);
				GCC_WARN_64_TO_32_BIT_CONVERSION = YES;
				GCC_WARN_ABOUT_RETURN_TYPE = YES_ERROR;
				GCC_WARN_UNDECLARED_SELECTOR = YES;
				GCC_WARN_UNINITIALIZED_AUTOS = YES_AGGRESSIVE;
				GCC_WARN_UNUSED_FUNCTION = YES;
				GCC_WARN_UNUSED_VARIABLE = YES;
				IPHONEOS_DEPLOYMENT_TARGET = 16.4;
				MTL_ENABLE_DEBUG_INFO = INCLUDE_SOURCE;
				MTL_FAST_MATH = YES;
				ONLY_ACTIVE_ARCH = YES;
				SDKROOT = iphoneos;
				SWIFT_ACTIVE_COMPILATION_CONDITIONS = DEBUG;
				SWIFT_OPTIMIZATION_LEVEL = "-Onone";
			};
			name = Debug;
		};
		B097019E2A5542C300A9612B /* Release */ = {
			isa = XCBuildConfiguration;
			buildSettings = {
				ALWAYS_SEARCH_USER_PATHS = NO;
				CLANG_ANALYZER_NONNULL = YES;
				CLANG_ANALYZER_NUMBER_OBJECT_CONVERSION = YES_AGGRESSIVE;
				CLANG_CXX_LANGUAGE_STANDARD = "gnu++20";
				CLANG_ENABLE_MODULES = YES;
				CLANG_ENABLE_OBJC_ARC = YES;
				CLANG_ENABLE_OBJC_WEAK = YES;
				CLANG_WARN_BLOCK_CAPTURE_AUTORELEASING = YES;
				CLANG_WARN_BOOL_CONVERSION = YES;
				CLANG_WARN_COMMA = YES;
				CLANG_WARN_CONSTANT_CONVERSION = YES;
				CLANG_WARN_DEPRECATED_OBJC_IMPLEMENTATIONS = YES;
				CLANG_WARN_DIRECT_OBJC_ISA_USAGE = YES_ERROR;
				CLANG_WARN_DOCUMENTATION_COMMENTS = YES;
				CLANG_WARN_EMPTY_BODY = YES;
				CLANG_WARN_ENUM_CONVERSION = YES;
				CLANG_WARN_INFINITE_RECURSION = YES;
				CLANG_WARN_INT_CONVERSION = YES;
				CLANG_WARN_NON_LITERAL_NULL_CONVERSION = YES;
				CLANG_WARN_OBJC_IMPLICIT_RETAIN_SELF = YES;
				CLANG_WARN_OBJC_LITERAL_CONVERSION = YES;
				CLANG_WARN_OBJC_ROOT_CLASS = YES_ERROR;
				CLANG_WARN_QUOTED_INCLUDE_IN_FRAMEWORK_HEADER = YES;
				CLANG_WARN_RANGE_LOOP_ANALYSIS = YES;
				CLANG_WARN_STRICT_PROTOTYPES = YES;
				CLANG_WARN_SUSPICIOUS_MOVE = YES;
				CLANG_WARN_UNGUARDED_AVAILABILITY = YES_AGGRESSIVE;
				CLANG_WARN_UNREACHABLE_CODE = YES;
				CLANG_WARN__DUPLICATE_METHOD_MATCH = YES;
				COPY_PHASE_STRIP = NO;
				DEBUG_INFORMATION_FORMAT = "dwarf-with-dsym";
				ENABLE_NS_ASSERTIONS = NO;
				ENABLE_STRICT_OBJC_MSGSEND = YES;
				GCC_C_LANGUAGE_STANDARD = gnu11;
				GCC_NO_COMMON_BLOCKS = YES;
				GCC_WARN_64_TO_32_BIT_CONVERSION = YES;
				GCC_WARN_ABOUT_RETURN_TYPE = YES_ERROR;
				GCC_WARN_UNDECLARED_SELECTOR = YES;
				GCC_WARN_UNINITIALIZED_AUTOS = YES_AGGRESSIVE;
				GCC_WARN_UNUSED_FUNCTION = YES;
				GCC_WARN_UNUSED_VARIABLE = YES;
				IPHONEOS_DEPLOYMENT_TARGET = 16.4;
				MTL_ENABLE_DEBUG_INFO = NO;
				MTL_FAST_MATH = YES;
				SDKROOT = iphoneos;
				SWIFT_COMPILATION_MODE = wholemodule;
				SWIFT_OPTIMIZATION_LEVEL = "-O";
				VALIDATE_PRODUCT = YES;
			};
			name = Release;
		};
		B09701A02A5542C300A9612B /* Debug */ = {
			isa = XCBuildConfiguration;
			buildSettings = {
				ASSETCATALOG_COMPILER_APPICON_NAME = AppIcon;
				ASSETCATALOG_COMPILER_GLOBAL_ACCENT_COLOR_NAME = AccentColor;
				CODE_SIGN_STYLE = Automatic;
				CURRENT_PROJECT_VERSION = 1;
				GENERATE_INFOPLIST_FILE = YES;
				INFOPLIST_FILE = first_project/Info.plist;
				INFOPLIST_KEY_UIApplicationSupportsIndirectInputEvents = YES;
				INFOPLIST_KEY_UILaunchStoryboardName = LaunchScreen;
				INFOPLIST_KEY_UIMainStoryboardFile = Main;
				INFOPLIST_KEY_UISupportedInterfaceOrientations_iPad = "UIInterfaceOrientationPortrait UIInterfaceOrientationPortraitUpsideDown UIInterfaceOrientationLandscapeLeft UIInterfaceOrientationLandscapeRight";
				INFOPLIST_KEY_UISupportedInterfaceOrientations_iPhone = "UIInterfaceOrientationPortrait UIInterfaceOrientationLandscapeLeft UIInterfaceOrientationLandscapeRight";
				LD_RUNPATH_SEARCH_PATHS = (
					"$(inherited)",
					"@executable_path/Frameworks",
				);
				MARKETING_VERSION = 1.0;
				PRODUCT_BUNDLE_IDENTIFIER = "mobydev.first-project";
				PRODUCT_NAME = "$(TARGET_NAME)";
				SWIFT_EMIT_LOC_STRINGS = YES;
				SWIFT_VERSION = 5.0;
				TARGETED_DEVICE_FAMILY = "1,2";
			};
			name = Debug;
		};
		B09701A12A5542C300A9612B /* Release */ = {
			isa = XCBuildConfiguration;
			buildSettings = {
				ASSETCATALOG_COMPILER_APPICON_NAME = AppIcon;
				ASSETCATALOG_COMPILER_GLOBAL_ACCENT_COLOR_NAME = AccentColor;
				CODE_SIGN_STYLE = Automatic;
				CURRENT_PROJECT_VERSION = 1;
				GENERATE_INFOPLIST_FILE = YES;
				INFOPLIST_FILE = first_project/Info.plist;
				INFOPLIST_KEY_UIApplicationSupportsIndirectInputEvents = YES;
				INFOPLIST_KEY_UILaunchStoryboardName = LaunchScreen;
				INFOPLIST_KEY_UIMainStoryboardFile = Main;
				INFOPLIST_KEY_UISupportedInterfaceOrientations_iPad = "UIInterfaceOrientationPortrait UIInterfaceOrientationPortraitUpsideDown UIInterfaceOrientationLandscapeLeft UIInterfaceOrientationLandscapeRight";
				INFOPLIST_KEY_UISupportedInterfaceOrientations_iPhone = "UIInterfaceOrientationPortrait UIInterfaceOrientationLandscapeLeft UIInterfaceOrientationLandscapeRight";
				LD_RUNPATH_SEARCH_PATHS = (
					"$(inherited)",
					"@executable_path/Frameworks",
				);
				MARKETING_VERSION = 1.0;
				PRODUCT_BUNDLE_IDENTIFIER = "mobydev.first-project";
				PRODUCT_NAME = "$(TARGET_NAME)";
				SWIFT_EMIT_LOC_STRINGS = YES;
				SWIFT_VERSION = 5.0;
				TARGETED_DEVICE_FAMILY = "1,2";
			};
			name = Release;
		};
		B09701A32A5542C300A9612B /* Debug */ = {
			isa = XCBuildConfiguration;
			buildSettings = {
				ALWAYS_EMBED_SWIFT_STANDARD_LIBRARIES = YES;
				BUNDLE_LOADER = "$(TEST_HOST)";
				CODE_SIGN_STYLE = Automatic;
				CURRENT_PROJECT_VERSION = 1;
				GENERATE_INFOPLIST_FILE = YES;
				IPHONEOS_DEPLOYMENT_TARGET = 16.4;
				MARKETING_VERSION = 1.0;
				PRODUCT_BUNDLE_IDENTIFIER = "mobydev.first-projectTests";
				PRODUCT_NAME = "$(TARGET_NAME)";
				SWIFT_EMIT_LOC_STRINGS = NO;
				SWIFT_VERSION = 5.0;
				TARGETED_DEVICE_FAMILY = "1,2";
				TEST_HOST = "$(BUILT_PRODUCTS_DIR)/first_project.app/$(BUNDLE_EXECUTABLE_FOLDER_PATH)/first_project";
			};
			name = Debug;
		};
		B09701A42A5542C300A9612B /* Release */ = {
			isa = XCBuildConfiguration;
			buildSettings = {
				ALWAYS_EMBED_SWIFT_STANDARD_LIBRARIES = YES;
				BUNDLE_LOADER = "$(TEST_HOST)";
				CODE_SIGN_STYLE = Automatic;
				CURRENT_PROJECT_VERSION = 1;
				GENERATE_INFOPLIST_FILE = YES;
				IPHONEOS_DEPLOYMENT_TARGET = 16.4;
				MARKETING_VERSION = 1.0;
				PRODUCT_BUNDLE_IDENTIFIER = "mobydev.first-projectTests";
				PRODUCT_NAME = "$(TARGET_NAME)";
				SWIFT_EMIT_LOC_STRINGS = NO;
				SWIFT_VERSION = 5.0;
				TARGETED_DEVICE_FAMILY = "1,2";
				TEST_HOST = "$(BUILT_PRODUCTS_DIR)/first_project.app/$(BUNDLE_EXECUTABLE_FOLDER_PATH)/first_project";
			};
			name = Release;
		};
		B09701A62A5542C300A9612B /* Debug */ = {
			isa = XCBuildConfiguration;
			buildSettings = {
				ALWAYS_EMBED_SWIFT_STANDARD_LIBRARIES = YES;
				CODE_SIGN_STYLE = Automatic;
				CURRENT_PROJECT_VERSION = 1;
				GENERATE_INFOPLIST_FILE = YES;
				MARKETING_VERSION = 1.0;
				PRODUCT_BUNDLE_IDENTIFIER = "mobydev.first-projectUITests";
				PRODUCT_NAME = "$(TARGET_NAME)";
				SWIFT_EMIT_LOC_STRINGS = NO;
				SWIFT_VERSION = 5.0;
				TARGETED_DEVICE_FAMILY = "1,2";
				TEST_TARGET_NAME = first_project;
			};
			name = Debug;
		};
		B09701A72A5542C300A9612B /* Release */ = {
			isa = XCBuildConfiguration;
			buildSettings = {
				ALWAYS_EMBED_SWIFT_STANDARD_LIBRARIES = YES;
				CODE_SIGN_STYLE = Automatic;
				CURRENT_PROJECT_VERSION = 1;
				GENERATE_INFOPLIST_FILE = YES;
				MARKETING_VERSION = 1.0;
				PRODUCT_BUNDLE_IDENTIFIER = "mobydev.first-projectUITests";
				PRODUCT_NAME = "$(TARGET_NAME)";
				SWIFT_EMIT_LOC_STRINGS = NO;
				SWIFT_VERSION = 5.0;
				TARGETED_DEVICE_FAMILY = "1,2";
				TEST_TARGET_NAME = first_project;
			};
			name = Release;
		};
/* End XCBuildConfiguration section */

/* Begin XCConfigurationList section */
		B09701702A5542C200A9612B /* Build configuration list for PBXProject "first_project" */ = {
			isa = XCConfigurationList;
			buildConfigurations = (
				B097019D2A5542C300A9612B /* Debug */,
				B097019E2A5542C300A9612B /* Release */,
			);
			defaultConfigurationIsVisible = 0;
			defaultConfigurationName = Release;
		};
		B097019F2A5542C300A9612B /* Build configuration list for PBXNativeTarget "first_project" */ = {
			isa = XCConfigurationList;
			buildConfigurations = (
				B09701A02A5542C300A9612B /* Debug */,
				B09701A12A5542C300A9612B /* Release */,
			);
			defaultConfigurationIsVisible = 0;
			defaultConfigurationName = Release;
		};
		B09701A22A5542C300A9612B /* Build configuration list for PBXNativeTarget "first_projectTests" */ = {
			isa = XCConfigurationList;
			buildConfigurations = (
				B09701A32A5542C300A9612B /* Debug */,
				B09701A42A5542C300A9612B /* Release */,
			);
			defaultConfigurationIsVisible = 0;
			defaultConfigurationName = Release;
		};
		B09701A52A5542C300A9612B /* Build configuration list for PBXNativeTarget "first_projectUITests" */ = {
			isa = XCConfigurationList;
			buildConfigurations = (
				B09701A62A5542C300A9612B /* Debug */,
				B09701A72A5542C300A9612B /* Release */,
			);
			defaultConfigurationIsVisible = 0;
			defaultConfigurationName = Release;
		};
/* End XCConfigurationList section */
	};
	rootObject = B097016D2A5542C200A9612B /* Project object */;
}
